
Microsoft Visual Studio Solution File, Format Version 12.00
# Visual Studio Version 17
VisualStudioVersion = 17.4.33205.214
MinimumVisualStudioVersion = 10.0.40219.1
Project("{FAE04EC0-301F-11D3-BF4B-00C04F79EFBC}") = "Movies", "Movies\Movies.csproj", "{67A26565-8B59-411F-84F6-CF4AA6619D8E}"
EndProject
Global
	GlobalSection(SolutionConfigurationPlatforms) = preSolution
		Debug|Any CPU = Debug|Any CPU
		Release|Any CPU = Release|Any CPU
	EndGlobalSection
	GlobalSection(ProjectConfigurationPlatforms) = postSolution
		{67A26565-8B59-411F-84F6-CF4AA6619D8E}.Debug|Any CPU.ActiveCfg = Debug|Any CPU
		{67A26565-8B59-411F-84F6-CF4AA6619D8E}.Debug|Any CPU.Build.0 = Debug|Any CPU
		{67A26565-8B59-411F-84F6-CF4AA6619D8E}.Release|Any CPU.ActiveCfg = Release|Any CPU
		{67A26565-8B59-411F-84F6-CF4AA6619D8E}.Release|Any CPU.Build.0 = Release|Any CPU
	EndGlobalSection
	GlobalSection(SolutionProperties) = preSolution
		HideSolutionNode = FALSE
	EndGlobalSection
	GlobalSection(ExtensibilityGlobals) = postSolution
		SolutionGuid = {2462275A-7440-416E-9B44-28E109D11EC7}
	EndGlobalSection
EndGlobal
